{
    "name": "cloud-run-experiment",
    "version": "0.0.1",
    "lockfileVersion": 3,
    "requires": true,
    "packages": {
        "": {
            "name": "cloud-run-experiment",
            "version": "0.0.1",
            "engines": {
                "node": "16.x.x"
            }
        }
    }
}
